
Microsoft Visual Studio Solution File, Format Version 12.00
# Visual Studio 15
VisualStudioVersion = 15.0.27703.2035
MinimumVisualStudioVersion = 10.0.40219.1
Project("{8BC9CEB8-8B4A-11D0-8D11-00A0C91BC942}") = "Lottery", "Lottery\Lottery.vcxproj", "{B7734C23-FB86-4287-869F-37DD9C634181}"
EndProject
Global
	GlobalSection(SolutionConfigurationPlatforms) = preSolution
		Debug|x64 = Debug|x64
		Debug|x86 = Debug|x86
		Release|x64 = Release|x64
		Release|x86 = Release|x86
	EndGlobalSection
	GlobalSection(ProjectConfigurationPlatforms) = postSolution
		{B7734C23-FB86-4287-869F-37DD9C634181}.Debug|x64.ActiveCfg = Debug|x64
		{B7734C23-FB86-4287-869F-37DD9C634181}.Debug|x64.Build.0 = Debug|x64
		{B7734C23-FB86-4287-869F-37DD9C634181}.Debug|x86.ActiveCfg = Debug|Win32
		{B7734C23-FB86-4287-869F-37DD9C634181}.Debug|x86.Build.0 = Debug|Win32
		{B7734C23-FB86-4287-869F-37DD9C634181}.Release|x64.ActiveCfg = Release|x64
		{B7734C23-FB86-4287-869F-37DD9C634181}.Release|x64.Build.0 = Release|x64
		{B7734C23-FB86-4287-869F-37DD9C634181}.Release|x86.ActiveCfg = Release|Win32
		{B7734C23-FB86-4287-869F-37DD9C634181}.Release|x86.Build.0 = Release|Win32
	EndGlobalSection
	GlobalSection(SolutionProperties) = preSolution
		HideSolutionNode = FALSE
	EndGlobalSection
	GlobalSection(ExtensibilityGlobals) = postSolution
		SolutionGuid = {49EFFBFB-66FD-4B89-8B80-4CBBFAC55CF2}
	EndGlobalSection
EndGlobal
